# THIS IS AN AUTOGENERATED FILE. DO NOT EDIT THIS FILE DIRECTLY.
# yarn lockfile v1


"@types/katex@^0.16.8":
  version "0.16.8"
  resolved "https://registry.yarnpkg.com/@types/katex/-/katex-0.16.8.tgz#80bf3e0814d09a846412a0b0f140946b79c36c3e"
  integrity sha512-trgaNyfU+Xh2Tc+ABIb44a5AYUpicB3uwirOioeOkNPPbmgRNtcWyDeeFRzjPZENO9Vq8gvVqfhaaXWLlevVwg==
